
Microsoft Visual Studio Solution File, Format Version 12.00
# Visual Studio Version 17
VisualStudioVersion = 17.5.002.0
MinimumVisualStudioVersion = 10.0.40219.1
Project("{9A19103F-16F7-4668-BE54-9A1E7A4F7556}") = "FactoryMethod", "FactoryMethod\FactoryMethod.csproj", "{75652C1C-1AF4-4114-ADB7-DDB3F34F968A}"
EndProject
Project("{9A19103F-16F7-4668-BE54-9A1E7A4F7556}") = "Singleton", "Singleton\Singleton.csproj", "{850873EB-E31A-4AC6-899E-09739F2402E2}"
EndProject
Global
	GlobalSection(SolutionConfigurationPlatforms) = preSolution
		Debug|Any CPU = Debug|Any CPU
		Release|Any CPU = Release|Any CPU
	EndGlobalSection
	GlobalSection(ProjectConfigurationPlatforms) = postSolution
		{75652C1C-1AF4-4114-ADB7-DDB3F34F968A}.Debug|Any CPU.ActiveCfg = Debug|Any CPU
		{75652C1C-1AF4-4114-ADB7-DDB3F34F968A}.Debug|Any CPU.Build.0 = Debug|Any CPU
		{75652C1C-1AF4-4114-ADB7-DDB3F34F968A}.Release|Any CPU.ActiveCfg = Release|Any CPU
		{75652C1C-1AF4-4114-ADB7-DDB3F34F968A}.Release|Any CPU.Build.0 = Release|Any CPU
		{850873EB-E31A-4AC6-899E-09739F2402E2}.Debug|Any CPU.ActiveCfg = Debug|Any CPU
		{850873EB-E31A-4AC6-899E-09739F2402E2}.Debug|Any CPU.Build.0 = Debug|Any CPU
		{850873EB-E31A-4AC6-899E-09739F2402E2}.Release|Any CPU.ActiveCfg = Release|Any CPU
		{850873EB-E31A-4AC6-899E-09739F2402E2}.Release|Any CPU.Build.0 = Release|Any CPU
	EndGlobalSection
	GlobalSection(SolutionProperties) = preSolution
		HideSolutionNode = FALSE
	EndGlobalSection
	GlobalSection(ExtensibilityGlobals) = postSolution
		SolutionGuid = {4A669F57-51FD-487D-8A41-9E1E37455374}
	EndGlobalSection
EndGlobal
