
Microsoft Visual Studio Solution File, Format Version 12.00
# Visual Studio Version 17
VisualStudioVersion = 17.5.002.0
MinimumVisualStudioVersion = 10.0.40219.1
Project("{9A19103F-16F7-4668-BE54-9A1E7A4F7556}") = "BuilderPattern", "BuilderPattern.csproj", "{35DD5435-2D86-462F-8EC5-3F02C41A7086}"
EndProject
Global
	GlobalSection(SolutionConfigurationPlatforms) = preSolution
		Debug|Any CPU = Debug|Any CPU
		Release|Any CPU = Release|Any CPU
	EndGlobalSection
	GlobalSection(ProjectConfigurationPlatforms) = postSolution
		{35DD5435-2D86-462F-8EC5-3F02C41A7086}.Debug|Any CPU.ActiveCfg = Debug|Any CPU
		{35DD5435-2D86-462F-8EC5-3F02C41A7086}.Debug|Any CPU.Build.0 = Debug|Any CPU
		{35DD5435-2D86-462F-8EC5-3F02C41A7086}.Release|Any CPU.ActiveCfg = Release|Any CPU
		{35DD5435-2D86-462F-8EC5-3F02C41A7086}.Release|Any CPU.Build.0 = Release|Any CPU
	EndGlobalSection
	GlobalSection(SolutionProperties) = preSolution
		HideSolutionNode = FALSE
	EndGlobalSection
	GlobalSection(ExtensibilityGlobals) = postSolution
		SolutionGuid = {7EEF16D3-A085-4205-B6B8-E97835F6D5FA}
	EndGlobalSection
EndGlobal
