
Microsoft Visual Studio Solution File, Format Version 12.00
# Visual Studio Version 17
VisualStudioVersion = 17.5.002.0
MinimumVisualStudioVersion = 10.0.40219.1
Project("{9A19103F-16F7-4668-BE54-9A1E7A4F7556}") = "AbstractFactory", "AbstractFactory.csproj", "{A932C8A4-F69A-449F-8C9F-76738A37C47D}"
EndProject
Global
	GlobalSection(SolutionConfigurationPlatforms) = preSolution
		Debug|Any CPU = Debug|Any CPU
		Release|Any CPU = Release|Any CPU
	EndGlobalSection
	GlobalSection(ProjectConfigurationPlatforms) = postSolution
		{A932C8A4-F69A-449F-8C9F-76738A37C47D}.Debug|Any CPU.ActiveCfg = Debug|Any CPU
		{A932C8A4-F69A-449F-8C9F-76738A37C47D}.Debug|Any CPU.Build.0 = Debug|Any CPU
		{A932C8A4-F69A-449F-8C9F-76738A37C47D}.Release|Any CPU.ActiveCfg = Release|Any CPU
		{A932C8A4-F69A-449F-8C9F-76738A37C47D}.Release|Any CPU.Build.0 = Release|Any CPU
	EndGlobalSection
	GlobalSection(SolutionProperties) = preSolution
		HideSolutionNode = FALSE
	EndGlobalSection
	GlobalSection(ExtensibilityGlobals) = postSolution
		SolutionGuid = {79CD3A98-1A54-4EC4-895E-0463F1A4F18F}
	EndGlobalSection
EndGlobal
