
Microsoft Visual Studio Solution File, Format Version 12.00
# Visual Studio Version 17
VisualStudioVersion = 17.5.002.0
MinimumVisualStudioVersion = 10.0.40219.1
Project("{9A19103F-16F7-4668-BE54-9A1E7A4F7556}") = "PatternInto", "PatternInto.csproj", "{0DA821C9-2961-4256-9648-9AF586590D60}"
EndProject
Global
	GlobalSection(SolutionConfigurationPlatforms) = preSolution
		Debug|Any CPU = Debug|Any CPU
		Release|Any CPU = Release|Any CPU
	EndGlobalSection
	GlobalSection(ProjectConfigurationPlatforms) = postSolution
		{0DA821C9-2961-4256-9648-9AF586590D60}.Debug|Any CPU.ActiveCfg = Debug|Any CPU
		{0DA821C9-2961-4256-9648-9AF586590D60}.Debug|Any CPU.Build.0 = Debug|Any CPU
		{0DA821C9-2961-4256-9648-9AF586590D60}.Release|Any CPU.ActiveCfg = Release|Any CPU
		{0DA821C9-2961-4256-9648-9AF586590D60}.Release|Any CPU.Build.0 = Release|Any CPU
	EndGlobalSection
	GlobalSection(SolutionProperties) = preSolution
		HideSolutionNode = FALSE
	EndGlobalSection
	GlobalSection(ExtensibilityGlobals) = postSolution
		SolutionGuid = {B85F0ABB-6309-4961-B221-242DB2AF5AD7}
	EndGlobalSection
EndGlobal
